// !$*UTF8*$!
{
	archiveVersion = 1;
	classes = {
	};
	objectVersion = 55;
	objects = {

/* Begin PBXBuildFile section */
		B0A3D1DC28BF889C005143CF /* AppDelegate.swift in Sources */ = {isa = PBXBuildFile; fileRef = B0A3D1DB28BF889C005143CF /* AppDelegate.swift */; };
		B0A3D1DE28BF889C005143CF /* SceneDelegate.swift in Sources */ = {isa = PBXBuildFile; fileRef = B0A3D1DD28BF889C005143CF /* SceneDelegate.swift */; };
		B0A3D1E028BF889C005143CF /* ViewController.swift in Sources */ = {isa = PBXBuildFile; fileRef = B0A3D1DF28BF889C005143CF /* ViewController.swift */; };
		B0A3D1E328BF889C005143CF /* Main.storyboard in Resources */ = {isa = PBXBuildFile; fileRef = B0A3D1E128BF889C005143CF /* Main.storyboard */; };
		B0A3D1E528BF889E005143CF /* Assets.xcassets in Resources */ = {isa = PBXBuildFile; fileRef = B0A3D1E428BF889E005143CF /* Assets.xcassets */; };
		B0A3D1E828BF889E005143CF /* LaunchScreen.storyboard in Resources */ = {isa = PBXBuildFile; fileRef = B0A3D1E628BF889E005143CF /* LaunchScreen.storyboard */; };
		B0A3D1F328BF8E13005143CF /* Movie.swift in Sources */ = {isa = PBXBuildFile; fileRef = B0A3D1F228BF8E13005143CF /* Movie.swift */; };
		B0D1618A28C07BED00F3CD42 /* OrderedCollections in Frameworks */ = {isa = PBXBuildFile; productRef = B0D1618928C07BED00F3CD42 /* OrderedCollections */; };
/* End PBXBuildFile section */

/* Begin PBXFileReference section */
		B0A3D1D828BF889C005143CF /* ExitekTestTask.app */ = {isa = PBXFileReference; explicitFileType = wrapper.application; includeInIndex = 0; path = ExitekTestTask.app; sourceTree = BUILT_PRODUCTS_DIR; };
		B0A3D1DB28BF889C005143CF /* AppDelegate.swift */ = {isa = PBXFileReference; lastKnownFileType = sourcecode.swift; path = AppDelegate.swift; sourceTree = "<group>"; };
		B0A3D1DD28BF889C005143CF /* SceneDelegate.swift */ = {isa = PBXFileReference; lastKnownFileType = sourcecode.swift; path = SceneDelegate.swift; sourceTree = "<group>"; };
		B0A3D1DF28BF889C005143CF /* ViewController.swift */ = {isa = PBXFileReference; lastKnownFileType = sourcecode.swift; path = ViewController.swift; sourceTree = "<group>"; };
		B0A3D1E228BF889C005143CF /* Base */ = {isa = PBXFileReference; lastKnownFileType = file.storyboard; name = Base; path = Base.lproj/Main.storyboard; sourceTree = "<group>"; };
		B0A3D1E428BF889E005143CF /* Assets.xcassets */ = {isa = PBXFileReference; lastKnownFileType = folder.assetcatalog; path = Assets.xcassets; sourceTree = "<group>"; };
		B0A3D1E728BF889E005143CF /* Base */ = {isa = PBXFileReference; lastKnownFileType = file.storyboard; name = Base; path = Base.lproj/LaunchScreen.storyboard; sourceTree = "<group>"; };
		B0A3D1E928BF889E005143CF /* Info.plist */ = {isa = PBXFileReference; lastKnownFileType = text.plist.xml; path = Info.plist; sourceTree = "<group>"; };
		B0A3D1F228BF8E13005143CF /* Movie.swift */ = {isa = PBXFileReference; lastKnownFileType = sourcecode.swift; path = Movie.swift; sourceTree = "<group>"; };
/* End PBXFileReference section */

/* Begin PBXFrameworksBuildPhase section */
		B0A3D1D528BF889C005143CF /* Frameworks */ = {
			isa = PBXFrameworksBuildPhase;
			buildActionMask = 2147483647;
			files = (
				B0D1618A28C07BED00F3CD42 /* OrderedCollections in Frameworks */,
			);
			runOnlyForDeploymentPostprocessing = 0;
		};
/* End PBXFrameworksBuildPhase section */

/* Begin PBXGroup section */
		B0A3D1CF28BF889C005143CF = {
			isa = PBXGroup;
			children = (
				B0A3D1DA28BF889C005143CF /* ExitekTestTask */,
				B0A3D1D928BF889C005143CF /* Products */,
			);
			sourceTree = "<group>";
		};
		B0A3D1D928BF889C005143CF /* Products */ = {
			isa = PBXGroup;
			children = (
				B0A3D1D828BF889C005143CF /* ExitekTestTask.app */,
			);
			name = Products;
			sourceTree = "<group>";
		};
		B0A3D1DA28BF889C005143CF /* ExitekTestTask */ = {
			isa = PBXGroup;
			children = (
				B0A3D1F128BF8E01005143CF /* Models */,
				B0A3D1F028BF8DEE005143CF /* SupportingFiles */,
				B0D1618328BFF40E00F3CD42 /* Controllers */,
				B0A3D1EF28BF8BB9005143CF /* Storyboards */,
				B0D1618428BFF41C00F3CD42 /* Resourses */,
				B0A3D1E928BF889E005143CF /* Info.plist */,
			);
			path = ExitekTestTask;
			sourceTree = "<group>";
		};
		B0A3D1EF28BF8BB9005143CF /* Storyboards */ = {
			isa = PBXGroup;
			children = (
				B0A3D1E128BF889C005143CF /* Main.storyboard */,
				B0A3D1E628BF889E005143CF /* LaunchScreen.storyboard */,
			);
			path = Storyboards;
			sourceTree = "<group>";
		};
		B0A3D1F028BF8DEE005143CF /* SupportingFiles */ = {
			isa = PBXGroup;
			children = (
				B0A3D1DB28BF889C005143CF /* AppDelegate.swift */,
				B0A3D1DD28BF889C005143CF /* SceneDelegate.swift */,
			);
			path = SupportingFiles;
			sourceTree = "<group>";
		};
		B0A3D1F128BF8E01005143CF /* Models */ = {
			isa = PBXGroup;
			children = (
				B0A3D1F228BF8E13005143CF /* Movie.swift */,
			);
			path = Models;
			sourceTree = "<group>";
		};
		B0D1618328BFF40E00F3CD42 /* Controllers */ = {
			isa = PBXGroup;
			children = (
				B0A3D1DF28BF889C005143CF /* ViewController.swift */,
			);
			path = Controllers;
			sourceTree = "<group>";
		};
		B0D1618428BFF41C00F3CD42 /* Resourses */ = {
			isa = PBXGroup;
			children = (
				B0A3D1E428BF889E005143CF /* Assets.xcassets */,
			);
			path = Resourses;
			sourceTree = "<group>";
		};
/* End PBXGroup section */

/* Begin PBXNativeTarget section */
		B0A3D1D728BF889C005143CF /* ExitekTestTask */ = {
			isa = PBXNativeTarget;
			buildConfigurationList = B0A3D1EC28BF889E005143CF /* Build configuration list for PBXNativeTarget "ExitekTestTask" */;
			buildPhases = (
				B0A3D1D428BF889C005143CF /* Sources */,
				B0A3D1D528BF889C005143CF /* Frameworks */,
				B0A3D1D628BF889C005143CF /* Resources */,
			);
			buildRules = (
			);
			dependencies = (
			);
			name = ExitekTestTask;
			packageProductDependencies = (
				B0D1618928C07BED00F3CD42 /* OrderedCollections */,
			);
			productName = ExitekTestTask;
			productReference = B0A3D1D828BF889C005143CF /* ExitekTestTask.app */;
			productType = "com.apple.product-type.application";
		};
/* End PBXNativeTarget section */

/* Begin PBXProject section */
		B0A3D1D028BF889C005143CF /* Project object */ = {
			isa = PBXProject;
			attributes = {
				BuildIndependentTargetsInParallel = 1;
				LastSwiftUpdateCheck = 1340;
				LastUpgradeCheck = 1340;
				TargetAttributes = {
					B0A3D1D728BF889C005143CF = {
						CreatedOnToolsVersion = 13.4.1;
					};
				};
			};
			buildConfigurationList = B0A3D1D328BF889C005143CF /* Build configuration list for PBXProject "ExitekTestTask" */;
			compatibilityVersion = "Xcode 13.0";
			developmentRegion = en;
			hasScannedForEncodings = 0;
			knownRegions = (
				en,
				Base,
			);
			mainGroup = B0A3D1CF28BF889C005143CF;
			packageReferences = (
				B0D1618828C07BED00F3CD42 /* XCRemoteSwiftPackageReference "swift-collections" */,
			);
			productRefGroup = B0A3D1D928BF889C005143CF /* Products */;
			projectDirPath = "";
			projectRoot = "";
			targets = (
				B0A3D1D728BF889C005143CF /* ExitekTestTask */,
			);
		};
/* End PBXProject section */

/* Begin PBXResourcesBuildPhase section */
		B0A3D1D628BF889C005143CF /* Resources */ = {
			isa = PBXResourcesBuildPhase;
			buildActionMask = 2147483647;
			files = (
				B0A3D1E828BF889E005143CF /* LaunchScreen.storyboard in Resources */,
				B0A3D1E528BF889E005143CF /* Assets.xcassets in Resources */,
				B0A3D1E328BF889C005143CF /* Main.storyboard in Resources */,
			);
			runOnlyForDeploymentPostprocessing = 0;
		};
/* End PBXResourcesBuildPhase section */

/* Begin PBXSourcesBuildPhase section */
		B0A3D1D428BF889C005143CF /* Sources */ = {
			isa = PBXSourcesBuildPhase;
			buildActionMask = 2147483647;
			files = (
				B0A3D1E028BF889C005143CF /* ViewController.swift in Sources */,
				B0A3D1DC28BF889C005143CF /* AppDelegate.swift in Sources */,
				B0A3D1F328BF8E13005143CF /* Movie.swift in Sources */,
				B0A3D1DE28BF889C005143CF /* SceneDelegate.swift in Sources */,
			);
			runOnlyForDeploymentPostprocessing = 0;
		};
/* End PBXSourcesBuildPhase section */

/* Begin PBXVariantGroup section */
		B0A3D1E128BF889C005143CF /* Main.storyboard */ = {
			isa = PBXVariantGroup;
			children = (
				B0A3D1E228BF889C005143CF /* Base */,
			);
			name = Main.storyboard;
			sourceTree = "<group>";
		};
		B0A3D1E628BF889E005143CF /* LaunchScreen.storyboard */ = {
			isa = PBXVariantGroup;
			children = (
				B0A3D1E728BF889E005143CF /* Base */,
			);
			name = LaunchScreen.storyboard;
			sourceTree = "<group>";
		};
/* End PBXVariantGroup section */

/* Begin XCBuildConfiguration section */
		B0A3D1EA28BF889E005143CF /* Debug */ = {
			isa = XCBuildConfiguration;
			buildSettings = {
				ALWAYS_SEARCH_USER_PATHS = NO;
				CLANG_ANALYZER_NONNULL = YES;
				CLANG_ANALYZER_NUMBER_OBJECT_CONVERSION = YES_AGGRESSIVE;
				CLANG_CXX_LANGUAGE_STANDARD = "gnu++17";
				CLANG_ENABLE_MODULES = YES;
				CLANG_ENABLE_OBJC_ARC = YES;
				CLANG_ENABLE_OBJC_WEAK = YES;
				CLANG_WARN_BLOCK_CAPTURE_AUTORELEASING = YES;
				CLANG_WARN_BOOL_CONVERSION = YES;
				CLANG_WARN_COMMA = YES;
				CLANG_WARN_CONSTANT_CONVERSION = YES;
				CLANG_WARN_DEPRECATED_OBJC_IMPLEMENTATIONS = YES;
				CLANG_WARN_DIRECT_OBJC_ISA_USAGE = YES_ERROR;
				CLANG_WARN_DOCUMENTATION_COMMENTS = YES;
				CLANG_WARN_EMPTY_BODY = YES;
				CLANG_WARN_ENUM_CONVERSION = YES;
				CLANG_WARN_INFINITE_RECURSION = YES;
				CLANG_WARN_INT_CONVERSION = YES;
				CLANG_WARN_NON_LITERAL_NULL_CONVERSION = YES;
				CLANG_WARN_OBJC_IMPLICIT_RETAIN_SELF = YES;
				CLANG_WARN_OBJC_LITERAL_CONVERSION = YES;
				CLANG_WARN_OBJC_ROOT_CLASS = YES_ERROR;
				CLANG_WARN_QUOTED_INCLUDE_IN_FRAMEWORK_HEADER = YES;
				CLANG_WARN_RANGE_LOOP_ANALYSIS = YES;
				CLANG_WARN_STRICT_PROTOTYPES = YES;
				CLANG_WARN_SUSPICIOUS_MOVE = YES;
				CLANG_WARN_UNGUARDED_AVAILABILITY = YES_AGGRESSIVE;
				CLANG_WARN_UNREACHABLE_CODE = YES;
				CLANG_WARN__DUPLICATE_METHOD_MATCH = YES;
				COPY_PHASE_STRIP = NO;
				DEBUG_INFORMATION_FORMAT = dwarf;
				ENABLE_STRICT_OBJC_MSGSEND = YES;
				ENABLE_TESTABILITY = YES;
				GCC_C_LANGUAGE_STANDARD = gnu11;
				GCC_DYNAMIC_NO_PIC = NO;
				GCC_NO_COMMON_BLOCKS = YES;
				GCC_OPTIMIZATION_LEVEL = 0;
				GCC_PREPROCESSOR_DEFINITIONS = (
					"DEBUG=1",
					"$(inherited)",
				);
				GCC_WARN_64_TO_32_BIT_CONVERSION = YES;
				GCC_WARN_ABOUT_RETURN_TYPE = YES_ERROR;
				GCC_WARN_UNDECLARED_SELECTOR = YES;
				GCC_WARN_UNINITIALIZED_AUTOS = YES_AGGRESSIVE;
				GCC_WARN_UNUSED_FUNCTION = YES;
				GCC_WARN_UNUSED_VARIABLE = YES;
				IPHONEOS_DEPLOYMENT_TARGET = 15.5;
				MTL_ENABLE_DEBUG_INFO = INCLUDE_SOURCE;
				MTL_FAST_MATH = YES;
				ONLY_ACTIVE_ARCH = YES;
				SDKROOT = iphoneos;
				SWIFT_ACTIVE_COMPILATION_CONDITIONS = DEBUG;
				SWIFT_OPTIMIZATION_LEVEL = "-Onone";
			};
			name = Debug;
		};
		B0A3D1EB28BF889E005143CF /* Release */ = {
			isa = XCBuildConfiguration;
			buildSettings = {
				ALWAYS_SEARCH_USER_PATHS = NO;
				CLANG_ANALYZER_NONNULL = YES;
				CLANG_ANALYZER_NUMBER_OBJECT_CONVERSION = YES_AGGRESSIVE;
				CLANG_CXX_LANGUAGE_STANDARD = "gnu++17";
				CLANG_ENABLE_MODULES = YES;
				CLANG_ENABLE_OBJC_ARC = YES;
				CLANG_ENABLE_OBJC_WEAK = YES;
				CLANG_WARN_BLOCK_CAPTURE_AUTORELEASING = YES;
				CLANG_WARN_BOOL_CONVERSION = YES;
				CLANG_WARN_COMMA = YES;
				CLANG_WARN_CONSTANT_CONVERSION = YES;
				CLANG_WARN_DEPRECATED_OBJC_IMPLEMENTATIONS = YES;
				CLANG_WARN_DIRECT_OBJC_ISA_USAGE = YES_ERROR;
				CLANG_WARN_DOCUMENTATION_COMMENTS = YES;
				CLANG_WARN_EMPTY_BODY = YES;
				CLANG_WARN_ENUM_CONVERSION = YES;
				CLANG_WARN_INFINITE_RECURSION = YES;
				CLANG_WARN_INT_CONVERSION = YES;
				CLANG_WARN_NON_LITERAL_NULL_CONVERSION = YES;
				CLANG_WARN_OBJC_IMPLICIT_RETAIN_SELF = YES;
				CLANG_WARN_OBJC_LITERAL_CONVERSION = YES;
				CLANG_WARN_OBJC_ROOT_CLASS = YES_ERROR;
				CLANG_WARN_QUOTED_INCLUDE_IN_FRAMEWORK_HEADER = YES;
				CLANG_WARN_RANGE_LOOP_ANALYSIS = YES;
				CLANG_WARN_STRICT_PROTOTYPES = YES;
				CLANG_WARN_SUSPICIOUS_MOVE = YES;
				CLANG_WARN_UNGUARDED_AVAILABILITY = YES_AGGRESSIVE;
				CLANG_WARN_UNREACHABLE_CODE = YES;
				CLANG_WARN__DUPLICATE_METHOD_MATCH = YES;
				COPY_PHASE_STRIP = NO;
				DEBUG_INFORMATION_FORMAT = "dwarf-with-dsym";
				ENABLE_NS_ASSERTIONS = NO;
				ENABLE_STRICT_OBJC_MSGSEND = YES;
				GCC_C_LANGUAGE_STANDARD = gnu11;
				GCC_NO_COMMON_BLOCKS = YES;
				GCC_WARN_64_TO_32_BIT_CONVERSION = YES;
				GCC_WARN_ABOUT_RETURN_TYPE = YES_ERROR;
				GCC_WARN_UNDECLARED_SELECTOR = YES;
				GCC_WARN_UNINITIALIZED_AUTOS = YES_AGGRESSIVE;
				GCC_WARN_UNUSED_FUNCTION = YES;
				GCC_WARN_UNUSED_VARIABLE = YES;
				IPHONEOS_DEPLOYMENT_TARGET = 15.5;
				MTL_ENABLE_DEBUG_INFO = NO;
				MTL_FAST_MATH = YES;
				SDKROOT = iphoneos;
				SWIFT_COMPILATION_MODE = wholemodule;
				SWIFT_OPTIMIZATION_LEVEL = "-O";
				VALIDATE_PRODUCT = YES;
			};
			name = Release;
		};
		B0A3D1ED28BF889E005143CF /* Debug */ = {
			isa = XCBuildConfiguration;
			buildSettings = {
				ASSETCATALOG_COMPILER_APPICON_NAME = AppIcon;
				ASSETCATALOG_COMPILER_GLOBAL_ACCENT_COLOR_NAME = AccentColor;
				CODE_SIGN_STYLE = Automatic;
				CURRENT_PROJECT_VERSION = 1;
				DEVELOPMENT_TEAM = HU4P8J2639;
				GENERATE_INFOPLIST_FILE = YES;
				INFOPLIST_FILE = ExitekTestTask/Info.plist;
				INFOPLIST_KEY_UIApplicationSupportsIndirectInputEvents = YES;
				INFOPLIST_KEY_UILaunchStoryboardName = LaunchScreen;
				INFOPLIST_KEY_UIMainStoryboardFile = Main;
				INFOPLIST_KEY_UISupportedInterfaceOrientations_iPad = "UIInterfaceOrientationPortrait UIInterfaceOrientationPortraitUpsideDown UIInterfaceOrientationLandscapeLeft UIInterfaceOrientationLandscapeRight";
				INFOPLIST_KEY_UISupportedInterfaceOrientations_iPhone = "UIInterfaceOrientationPortrait UIInterfaceOrientationLandscapeLeft UIInterfaceOrientationLandscapeRight";
				LD_RUNPATH_SEARCH_PATHS = (
					"$(inherited)",
					"@executable_path/Frameworks",
				);
				MARKETING_VERSION = 1.0;
				PRODUCT_BUNDLE_IDENTIFIER = com.mefisto.ExitekTestTask;
				PRODUCT_NAME = "$(TARGET_NAME)";
				SWIFT_EMIT_LOC_STRINGS = YES;
				SWIFT_VERSION = 5.0;
				TARGETED_DEVICE_FAMILY = "1,2";
			};
			name = Debug;
		};
		B0A3D1EE28BF889E005143CF /* Release */ = {
			isa = XCBuildConfiguration;
			buildSettings = {
				ASSETCATALOG_COMPILER_APPICON_NAME = AppIcon;
				ASSETCATALOG_COMPILER_GLOBAL_ACCENT_COLOR_NAME = AccentColor;
				CODE_SIGN_STYLE = Automatic;
				CURRENT_PROJECT_VERSION = 1;
				DEVELOPMENT_TEAM = HU4P8J2639;
				GENERATE_INFOPLIST_FILE = YES;
				INFOPLIST_FILE = ExitekTestTask/Info.plist;
				INFOPLIST_KEY_UIApplicationSupportsIndirectInputEvents = YES;
				INFOPLIST_KEY_UILaunchStoryboardName = LaunchScreen;
				INFOPLIST_KEY_UIMainStoryboardFile = Main;
				INFOPLIST_KEY_UISupportedInterfaceOrientations_iPad = "UIInterfaceOrientationPortrait UIInterfaceOrientationPortraitUpsideDown UIInterfaceOrientationLandscapeLeft UIInterfaceOrientationLandscapeRight";
				INFOPLIST_KEY_UISupportedInterfaceOrientations_iPhone = "UIInterfaceOrientationPortrait UIInterfaceOrientationLandscapeLeft UIInterfaceOrientationLandscapeRight";
				LD_RUNPATH_SEARCH_PATHS = (
					"$(inherited)",
					"@executable_path/Frameworks",
				);
				MARKETING_VERSION = 1.0;
				PRODUCT_BUNDLE_IDENTIFIER = com.mefisto.ExitekTestTask;
				PRODUCT_NAME = "$(TARGET_NAME)";
				SWIFT_EMIT_LOC_STRINGS = YES;
				SWIFT_VERSION = 5.0;
				TARGETED_DEVICE_FAMILY = "1,2";
			};
			name = Release;
		};
/* End XCBuildConfiguration section */

/* Begin XCConfigurationList section */
		B0A3D1D328BF889C005143CF /* Build configuration list for PBXProject "ExitekTestTask" */ = {
			isa = XCConfigurationList;
			buildConfigurations = (
				B0A3D1EA28BF889E005143CF /* Debug */,
				B0A3D1EB28BF889E005143CF /* Release */,
			);
			defaultConfigurationIsVisible = 0;
			defaultConfigurationName = Release;
		};
		B0A3D1EC28BF889E005143CF /* Build configuration list for PBXNativeTarget "ExitekTestTask" */ = {
			isa = XCConfigurationList;
			buildConfigurations = (
				B0A3D1ED28BF889E005143CF /* Debug */,
				B0A3D1EE28BF889E005143CF /* Release */,
			);
			defaultConfigurationIsVisible = 0;
			defaultConfigurationName = Release;
		};
/* End XCConfigurationList section */

/* Begin XCRemoteSwiftPackageReference section */
		B0D1618828C07BED00F3CD42 /* XCRemoteSwiftPackageReference "swift-collections" */ = {
			isa = XCRemoteSwiftPackageReference;
			repositoryURL = "https://github.com/apple/swift-collections.git";
			requirement = {
				kind = upToNextMajorVersion;
				minimumVersion = 1.0.0;
			};
		};
/* End XCRemoteSwiftPackageReference section */

/* Begin XCSwiftPackageProductDependency section */
		B0D1618928C07BED00F3CD42 /* OrderedCollections */ = {
			isa = XCSwiftPackageProductDependency;
			package = B0D1618828C07BED00F3CD42 /* XCRemoteSwiftPackageReference "swift-collections" */;
			productName = OrderedCollections;
		};
/* End XCSwiftPackageProductDependency section */
	};
	rootObject = B0A3D1D028BF889C005143CF /* Project object */;
}
